// !$*UTF8*$!
{
	archiveVersion = 1;
	classes = {
	};
	objectVersion = 46;
	objects = {

/* Begin PBXBuildFile section */
		4FBDF82F1EF6DF3B00678D16 /* AppDelegate.swift in Sources */ = {isa = PBXBuildFile; fileRef = 4FBDF82E1EF6DF3B00678D16 /* AppDelegate.swift */; };
		4FBDF8311EF6DF3B00678D16 /* ViewController.swift in Sources */ = {isa = PBXBuildFile; fileRef = 4FBDF8301EF6DF3B00678D16 /* ViewController.swift */; };
		4FBDF8341EF6DF3B00678D16 /* Main.storyboard in Resources */ = {isa = PBXBuildFile; fileRef = 4FBDF8321EF6DF3B00678D16 /* Main.storyboard */; };
		4FBDF8361EF6DF3B00678D16 /* Assets.xcassets in Resources */ = {isa = PBXBuildFile; fileRef = 4FBDF8351EF6DF3B00678D16 /* Assets.xcassets */; };
		4FBDF8391EF6DF3B00678D16 /* LaunchScreen.storyboard in Resources */ = {isa = PBXBuildFile; fileRef = 4FBDF8371EF6DF3B00678D16 /* LaunchScreen.storyboard */; };
		4FBDF8441EF6DF3B00678D16 /* FoodTrackerTests.swift in Sources */ = {isa = PBXBuildFile; fileRef = 4FBDF8431EF6DF3B00678D16 /* FoodTrackerTests.swift */; };
/* End PBXBuildFile section */

/* Begin PBXContainerItemProxy section */
		4FBDF8401EF6DF3B00678D16 /* PBXContainerItemProxy */ = {
			isa = PBXContainerItemProxy;
			containerPortal = 4FBDF8231EF6DF3B00678D16 /* Project object */;
			proxyType = 1;
			remoteGlobalIDString = 4FBDF82A1EF6DF3B00678D16;
			remoteInfo = FoodTracker;
		};
/* End PBXContainerItemProxy section */

/* Begin PBXFileReference section */
		4FBDF82B1EF6DF3B00678D16 /* ios-lekcja_1.app */ = {isa = PBXFileReference; explicitFileType = wrapper.application; includeInIndex = 0; path = "ios-lekcja_1.app"; sourceTree = BUILT_PRODUCTS_DIR; };
		4FBDF82E1EF6DF3B00678D16 /* AppDelegate.swift */ = {isa = PBXFileReference; lastKnownFileType = sourcecode.swift; path = AppDelegate.swift; sourceTree = "<group>"; };
		4FBDF8301EF6DF3B00678D16 /* ViewController.swift */ = {isa = PBXFileReference; lastKnownFileType = sourcecode.swift; path = ViewController.swift; sourceTree = "<group>"; };
		4FBDF8331EF6DF3B00678D16 /* Base */ = {isa = PBXFileReference; lastKnownFileType = file.storyboard; name = Base; path = Base.lproj/Main.storyboard; sourceTree = "<group>"; };
		4FBDF8351EF6DF3B00678D16 /* Assets.xcassets */ = {isa = PBXFileReference; lastKnownFileType = folder.assetcatalog; path = Assets.xcassets; sourceTree = "<group>"; };
		4FBDF8381EF6DF3B00678D16 /* Base */ = {isa = PBXFileReference; lastKnownFileType = file.storyboard; name = Base; path = Base.lproj/LaunchScreen.storyboard; sourceTree = "<group>"; };
		4FBDF83A1EF6DF3B00678D16 /* Info.plist */ = {isa = PBXFileReference; lastKnownFileType = text.plist.xml; path = Info.plist; sourceTree = "<group>"; };
		4FBDF83F1EF6DF3B00678D16 /* ios-lekcja_1Tests.xctest */ = {isa = PBXFileReference; explicitFileType = wrapper.cfbundle; includeInIndex = 0; path = "ios-lekcja_1Tests.xctest"; sourceTree = BUILT_PRODUCTS_DIR; };
		4FBDF8431EF6DF3B00678D16 /* FoodTrackerTests.swift */ = {isa = PBXFileReference; lastKnownFileType = sourcecode.swift; path = FoodTrackerTests.swift; sourceTree = "<group>"; };
		4FBDF8451EF6DF3B00678D16 /* Info.plist */ = {isa = PBXFileReference; lastKnownFileType = text.plist.xml; path = Info.plist; sourceTree = "<group>"; };
/* End PBXFileReference section */

/* Begin PBXFrameworksBuildPhase section */
		4FBDF8281EF6DF3B00678D16 /* Frameworks */ = {
			isa = PBXFrameworksBuildPhase;
			buildActionMask = 2147483647;
			files = (
			);
			runOnlyForDeploymentPostprocessing = 0;
		};
		4FBDF83C1EF6DF3B00678D16 /* Frameworks */ = {
			isa = PBXFrameworksBuildPhase;
			buildActionMask = 2147483647;
			files = (
			);
			runOnlyForDeploymentPostprocessing = 0;
		};
/* End PBXFrameworksBuildPhase section */

/* Begin PBXGroup section */
		4FBDF8221EF6DF3B00678D16 = {
			isa = PBXGroup;
			children = (
				4FBDF82D1EF6DF3B00678D16 /* FoodTracker */,
				4FBDF8421EF6DF3B00678D16 /* FoodTrackerTests */,
				4FBDF82C1EF6DF3B00678D16 /* Products */,
			);
			sourceTree = "<group>";
		};
		4FBDF82C1EF6DF3B00678D16 /* Products */ = {
			isa = PBXGroup;
			children = (
				4FBDF82B1EF6DF3B00678D16 /* ios-lekcja_1.app */,
				4FBDF83F1EF6DF3B00678D16 /* ios-lekcja_1Tests.xctest */,
			);
			name = Products;
			sourceTree = "<group>";
		};
		4FBDF82D1EF6DF3B00678D16 /* FoodTracker */ = {
			isa = PBXGroup;
			children = (
				4FBDF82E1EF6DF3B00678D16 /* AppDelegate.swift */,
				4FBDF8301EF6DF3B00678D16 /* ViewController.swift */,
				4FBDF8321EF6DF3B00678D16 /* Main.storyboard */,
				4FBDF8351EF6DF3B00678D16 /* Assets.xcassets */,
				4FBDF8371EF6DF3B00678D16 /* LaunchScreen.storyboard */,
				4FBDF83A1EF6DF3B00678D16 /* Info.plist */,
			);
			path = FoodTracker;
			sourceTree = "<group>";
		};
		4FBDF8421EF6DF3B00678D16 /* FoodTrackerTests */ = {
			isa = PBXGroup;
			children = (
				4FBDF8431EF6DF3B00678D16 /* FoodTrackerTests.swift */,
				4FBDF8451EF6DF3B00678D16 /* Info.plist */,
			);
			path = FoodTrackerTests;
			sourceTree = "<group>";
		};
/* End PBXGroup section */

/* Begin PBXNativeTarget section */
		4FBDF82A1EF6DF3B00678D16 /* ios-lekcja_1 */ = {
			isa = PBXNativeTarget;
			buildConfigurationList = 4FBDF8481EF6DF3B00678D16 /* Build configuration list for PBXNativeTarget "ios-lekcja_1" */;
			buildPhases = (
				4FBDF8271EF6DF3B00678D16 /* Sources */,
				4FBDF8281EF6DF3B00678D16 /* Frameworks */,
				4FBDF8291EF6DF3B00678D16 /* Resources */,
			);
			buildRules = (
			);
			dependencies = (
			);
			name = "ios-lekcja_1";
			productName = FoodTracker;
			productReference = 4FBDF82B1EF6DF3B00678D16 /* ios-lekcja_1.app */;
			productType = "com.apple.product-type.application";
		};
		4FBDF83E1EF6DF3B00678D16 /* ios-lekcja_1Tests */ = {
			isa = PBXNativeTarget;
			buildConfigurationList = 4FBDF84B1EF6DF3B00678D16 /* Build configuration list for PBXNativeTarget "ios-lekcja_1Tests" */;
			buildPhases = (
				4FBDF83B1EF6DF3B00678D16 /* Sources */,
				4FBDF83C1EF6DF3B00678D16 /* Frameworks */,
				4FBDF83D1EF6DF3B00678D16 /* Resources */,
			);
			buildRules = (
			);
			dependencies = (
				4FBDF8411EF6DF3B00678D16 /* PBXTargetDependency */,
			);
			name = "ios-lekcja_1Tests";
			productName = FoodTrackerTests;
			productReference = 4FBDF83F1EF6DF3B00678D16 /* ios-lekcja_1Tests.xctest */;
			productType = "com.apple.product-type.bundle.unit-test";
		};
/* End PBXNativeTarget section */

/* Begin PBXProject section */
		4FBDF8231EF6DF3B00678D16 /* Project object */ = {
			isa = PBXProject;
			attributes = {
				LastSwiftUpdateCheck = 0830;
				LastUpgradeCheck = 0830;
				ORGANIZATIONNAME = PC;
				TargetAttributes = {
					4FBDF82A1EF6DF3B00678D16 = {
						CreatedOnToolsVersion = 8.3.3;
						ProvisioningStyle = Automatic;
					};
					4FBDF83E1EF6DF3B00678D16 = {
						CreatedOnToolsVersion = 8.3.3;
						ProvisioningStyle = Automatic;
						TestTargetID = 4FBDF82A1EF6DF3B00678D16;
					};
				};
			};
			buildConfigurationList = 4FBDF8261EF6DF3B00678D16 /* Build configuration list for PBXProject "ios-lekcja_1" */;
			compatibilityVersion = "Xcode 3.2";
			developmentRegion = English;
			hasScannedForEncodings = 0;
			knownRegions = (
				en,
				Base,
			);
			mainGroup = 4FBDF8221EF6DF3B00678D16;
			productRefGroup = 4FBDF82C1EF6DF3B00678D16 /* Products */;
			projectDirPath = "";
			projectRoot = "";
			targets = (
				4FBDF82A1EF6DF3B00678D16 /* ios-lekcja_1 */,
				4FBDF83E1EF6DF3B00678D16 /* ios-lekcja_1Tests */,
			);
		};
/* End PBXProject section */

/* Begin PBXResourcesBuildPhase section */
		4FBDF8291EF6DF3B00678D16 /* Resources */ = {
			isa = PBXResourcesBuildPhase;
			buildActionMask = 2147483647;
			files = (
				4FBDF8391EF6DF3B00678D16 /* LaunchScreen.storyboard in Resources */,
				4FBDF8361EF6DF3B00678D16 /* Assets.xcassets in Resources */,
				4FBDF8341EF6DF3B00678D16 /* Main.storyboard in Resources */,
			);
			runOnlyForDeploymentPostprocessing = 0;
		};
		4FBDF83D1EF6DF3B00678D16 /* Resources */ = {
			isa = PBXResourcesBuildPhase;
			buildActionMask = 2147483647;
			files = (
			);
			runOnlyForDeploymentPostprocessing = 0;
		};
/* End PBXResourcesBuildPhase section */

/* Begin PBXSourcesBuildPhase section */
		4FBDF8271EF6DF3B00678D16 /* Sources */ = {
			isa = PBXSourcesBuildPhase;
			buildActionMask = 2147483647;
			files = (
				4FBDF8311EF6DF3B00678D16 /* ViewController.swift in Sources */,
				4FBDF82F1EF6DF3B00678D16 /* AppDelegate.swift in Sources */,
			);
			runOnlyForDeploymentPostprocessing = 0;
		};
		4FBDF83B1EF6DF3B00678D16 /* Sources */ = {
			isa = PBXSourcesBuildPhase;
			buildActionMask = 2147483647;
			files = (
				4FBDF8441EF6DF3B00678D16 /* FoodTrackerTests.swift in Sources */,
			);
			runOnlyForDeploymentPostprocessing = 0;
		};
/* End PBXSourcesBuildPhase section */

/* Begin PBXTargetDependency section */
		4FBDF8411EF6DF3B00678D16 /* PBXTargetDependency */ = {
			isa = PBXTargetDependency;
			target = 4FBDF82A1EF6DF3B00678D16 /* ios-lekcja_1 */;
			targetProxy = 4FBDF8401EF6DF3B00678D16 /* PBXContainerItemProxy */;
		};
/* End PBXTargetDependency section */

/* Begin PBXVariantGroup section */
		4FBDF8321EF6DF3B00678D16 /* Main.storyboard */ = {
			isa = PBXVariantGroup;
			children = (
				4FBDF8331EF6DF3B00678D16 /* Base */,
			);
			name = Main.storyboard;
			sourceTree = "<group>";
		};
		4FBDF8371EF6DF3B00678D16 /* LaunchScreen.storyboard */ = {
			isa = PBXVariantGroup;
			children = (
				4FBDF8381EF6DF3B00678D16 /* Base */,
			);
			name = LaunchScreen.storyboard;
			sourceTree = "<group>";
		};
/* End PBXVariantGroup section */

/* Begin XCBuildConfiguration section */
		4FBDF8461EF6DF3B00678D16 /* Debug */ = {
			isa = XCBuildConfiguration;
			buildSettings = {
				ALWAYS_SEARCH_USER_PATHS = NO;
				CLANG_ANALYZER_NONNULL = YES;
				CLANG_ANALYZER_NUMBER_OBJECT_CONVERSION = YES_AGGRESSIVE;
				CLANG_CXX_LANGUAGE_STANDARD = "gnu++0x";
				CLANG_CXX_LIBRARY = "libc++";
				CLANG_ENABLE_MODULES = YES;
				CLANG_ENABLE_OBJC_ARC = YES;
				CLANG_WARN_BOOL_CONVERSION = YES;
				CLANG_WARN_CONSTANT_CONVERSION = YES;
				CLANG_WARN_DIRECT_OBJC_ISA_USAGE = YES_ERROR;
				CLANG_WARN_DOCUMENTATION_COMMENTS = YES;
				CLANG_WARN_EMPTY_BODY = YES;
				CLANG_WARN_ENUM_CONVERSION = YES;
				CLANG_WARN_INFINITE_RECURSION = YES;
				CLANG_WARN_INT_CONVERSION = YES;
				CLANG_WARN_OBJC_ROOT_CLASS = YES_ERROR;
				CLANG_WARN_SUSPICIOUS_MOVE = YES;
				CLANG_WARN_UNREACHABLE_CODE = YES;
				CLANG_WARN__DUPLICATE_METHOD_MATCH = YES;
				"CODE_SIGN_IDENTITY[sdk=iphoneos*]" = "iPhone Developer";
				COPY_PHASE_STRIP = NO;
				DEBUG_INFORMATION_FORMAT = dwarf;
				ENABLE_STRICT_OBJC_MSGSEND = YES;
				ENABLE_TESTABILITY = YES;
				GCC_C_LANGUAGE_STANDARD = gnu99;
				GCC_DYNAMIC_NO_PIC = NO;
				GCC_NO_COMMON_BLOCKS = YES;
				GCC_OPTIMIZATION_LEVEL = 0;
				GCC_PREPROCESSOR_DEFINITIONS = (
					"DEBUG=1",
					"$(inherited)",
				);
				GCC_WARN_64_TO_32_BIT_CONVERSION = YES;
				GCC_WARN_ABOUT_RETURN_TYPE = YES_ERROR;
				GCC_WARN_UNDECLARED_SELECTOR = YES;
				GCC_WARN_UNINITIALIZED_AUTOS = YES_AGGRESSIVE;
				GCC_WARN_UNUSED_FUNCTION = YES;
				GCC_WARN_UNUSED_VARIABLE = YES;
				IPHONEOS_DEPLOYMENT_TARGET = 10.3;
				MTL_ENABLE_DEBUG_INFO = YES;
				ONLY_ACTIVE_ARCH = YES;
				SDKROOT = iphoneos;
				SWIFT_ACTIVE_COMPILATION_CONDITIONS = DEBUG;
				SWIFT_OPTIMIZATION_LEVEL = "-Onone";
				TARGETED_DEVICE_FAMILY = "1,2";
			};
			name = Debug;
		};
		4FBDF8471EF6DF3B00678D16 /* Release */ = {
			isa = XCBuildConfiguration;
			buildSettings = {
				ALWAYS_SEARCH_USER_PATHS = NO;
				CLANG_ANALYZER_NONNULL = YES;
				CLANG_ANALYZER_NUMBER_OBJECT_CONVERSION = YES_AGGRESSIVE;
				CLANG_CXX_LANGUAGE_STANDARD = "gnu++0x";
				CLANG_CXX_LIBRARY = "libc++";
				CLANG_ENABLE_MODULES = YES;
				CLANG_ENABLE_OBJC_ARC = YES;
				CLANG_WARN_BOOL_CONVERSION = YES;
				CLANG_WARN_CONSTANT_CONVERSION = YES;
				CLANG_WARN_DIRECT_OBJC_ISA_USAGE = YES_ERROR;
				CLANG_WARN_DOCUMENTATION_COMMENTS = YES;
				CLANG_WARN_EMPTY_BODY = YES;
				CLANG_WARN_ENUM_CONVERSION = YES;
				CLANG_WARN_INFINITE_RECURSION = YES;
				CLANG_WARN_INT_CONVERSION = YES;
				CLANG_WARN_OBJC_ROOT_CLASS = YES_ERROR;
				CLANG_WARN_SUSPICIOUS_MOVE = YES;
				CLANG_WARN_UNREACHABLE_CODE = YES;
				CLANG_WARN__DUPLICATE_METHOD_MATCH = YES;
				"CODE_SIGN_IDENTITY[sdk=iphoneos*]" = "iPhone Developer";
				COPY_PHASE_STRIP = NO;
				DEBUG_INFORMATION_FORMAT = "dwarf-with-dsym";
				ENABLE_NS_ASSERTIONS = NO;
				ENABLE_STRICT_OBJC_MSGSEND = YES;
				GCC_C_LANGUAGE_STANDARD = gnu99;
				GCC_NO_COMMON_BLOCKS = YES;
				GCC_WARN_64_TO_32_BIT_CONVERSION = YES;
				GCC_WARN_ABOUT_RETURN_TYPE = YES_ERROR;
				GCC_WARN_UNDECLARED_SELECTOR = YES;
				GCC_WARN_UNINITIALIZED_AUTOS = YES_AGGRESSIVE;
				GCC_WARN_UNUSED_FUNCTION = YES;
				GCC_WARN_UNUSED_VARIABLE = YES;
				IPHONEOS_DEPLOYMENT_TARGET = 10.3;
				MTL_ENABLE_DEBUG_INFO = NO;
				SDKROOT = iphoneos;
				SWIFT_OPTIMIZATION_LEVEL = "-Owholemodule";
				TARGETED_DEVICE_FAMILY = "1,2";
				VALIDATE_PRODUCT = YES;
			};
			name = Release;
		};
		4FBDF8491EF6DF3B00678D16 /* Debug */ = {
			isa = XCBuildConfiguration;
			buildSettings = {
				ASSETCATALOG_COMPILER_APPICON_NAME = AppIcon;
				INFOPLIST_FILE = FoodTracker/Info.plist;
				LD_RUNPATH_SEARCH_PATHS = "$(inherited) @executable_path/Frameworks";
				PRODUCT_BUNDLE_IDENTIFIER = "lekcja1.ios-lekcja-1";
				PRODUCT_NAME = "$(TARGET_NAME)";
				SWIFT_VERSION = 3.0;
				TARGETED_DEVICE_FAMILY = 1;
			};
			name = Debug;
		};
		4FBDF84A1EF6DF3B00678D16 /* Release */ = {
			isa = XCBuildConfiguration;
			buildSettings = {
				ASSETCATALOG_COMPILER_APPICON_NAME = AppIcon;
				INFOPLIST_FILE = FoodTracker/Info.plist;
				LD_RUNPATH_SEARCH_PATHS = "$(inherited) @executable_path/Frameworks";
				PRODUCT_BUNDLE_IDENTIFIER = "lekcja1.ios-lekcja-1";
				PRODUCT_NAME = "$(TARGET_NAME)";
				SWIFT_VERSION = 3.0;
				TARGETED_DEVICE_FAMILY = 1;
			};
			name = Release;
		};
		4FBDF84C1EF6DF3B00678D16 /* Debug */ = {
			isa = XCBuildConfiguration;
			buildSettings = {
				ALWAYS_EMBED_SWIFT_STANDARD_LIBRARIES = YES;
				BUNDLE_LOADER = "$(TEST_HOST)";
				INFOPLIST_FILE = FoodTrackerTests/Info.plist;
				LD_RUNPATH_SEARCH_PATHS = "$(inherited) @executable_path/Frameworks @loader_path/Frameworks";
				PRODUCT_BUNDLE_IDENTIFIER = lekcja1.FoodTrackerTests;
				PRODUCT_NAME = "$(TARGET_NAME)";
				SWIFT_VERSION = 3.0;
				TEST_HOST = "$(BUILT_PRODUCTS_DIR)/ios-lekcja_1.app/ios-lekcja_1";
			};
			name = Debug;
		};
		4FBDF84D1EF6DF3B00678D16 /* Release */ = {
			isa = XCBuildConfiguration;
			buildSettings = {
				ALWAYS_EMBED_SWIFT_STANDARD_LIBRARIES = YES;
				BUNDLE_LOADER = "$(TEST_HOST)";
				INFOPLIST_FILE = FoodTrackerTests/Info.plist;
				LD_RUNPATH_SEARCH_PATHS = "$(inherited) @executable_path/Frameworks @loader_path/Frameworks";
				PRODUCT_BUNDLE_IDENTIFIER = lekcja1.FoodTrackerTests;
				PRODUCT_NAME = "$(TARGET_NAME)";
				SWIFT_VERSION = 3.0;
				TEST_HOST = "$(BUILT_PRODUCTS_DIR)/ios-lekcja_1.app/ios-lekcja_1";
			};
			name = Release;
		};
/* End XCBuildConfiguration section */

/* Begin XCConfigurationList section */
		4FBDF8261EF6DF3B00678D16 /* Build configuration list for PBXProject "ios-lekcja_1" */ = {
			isa = XCConfigurationList;
			buildConfigurations = (
				4FBDF8461EF6DF3B00678D16 /* Debug */,
				4FBDF8471EF6DF3B00678D16 /* Release */,
			);
			defaultConfigurationIsVisible = 0;
			defaultConfigurationName = Release;
		};
		4FBDF8481EF6DF3B00678D16 /* Build configuration list for PBXNativeTarget "ios-lekcja_1" */ = {
			isa = XCConfigurationList;
			buildConfigurations = (
				4FBDF8491EF6DF3B00678D16 /* Debug */,
				4FBDF84A1EF6DF3B00678D16 /* Release */,
			);
			defaultConfigurationIsVisible = 0;
		};
		4FBDF84B1EF6DF3B00678D16 /* Build configuration list for PBXNativeTarget "ios-lekcja_1Tests" */ = {
			isa = XCConfigurationList;
			buildConfigurations = (
				4FBDF84C1EF6DF3B00678D16 /* Debug */,
				4FBDF84D1EF6DF3B00678D16 /* Release */,
			);
			defaultConfigurationIsVisible = 0;
		};
/* End XCConfigurationList section */
	};
	rootObject = 4FBDF8231EF6DF3B00678D16 /* Project object */;
}
